
Microsoft Visual Studio Solution File, Format Version 12.00
# Visual Studio Version 17
VisualStudioVersion = 17.7.34031.279
MinimumVisualStudioVersion = 10.0.40219.1
Project("{8BC9CEB8-8B4A-11D0-8D11-00A0C91BC942}") = "number gen", "number gen\number gen.vcxproj", "{AD5F3EB6-FD5C-490E-9A4E-E4B613F49A9B}"
EndProject
Global
	GlobalSection(SolutionConfigurationPlatforms) = preSolution
		Debug|x64 = Debug|x64
		Debug|x86 = Debug|x86
		Release|x64 = Release|x64
		Release|x86 = Release|x86
	EndGlobalSection
	GlobalSection(ProjectConfigurationPlatforms) = postSolution
		{AD5F3EB6-FD5C-490E-9A4E-E4B613F49A9B}.Debug|x64.ActiveCfg = Debug|x64
		{AD5F3EB6-FD5C-490E-9A4E-E4B613F49A9B}.Debug|x64.Build.0 = Debug|x64
		{AD5F3EB6-FD5C-490E-9A4E-E4B613F49A9B}.Debug|x86.ActiveCfg = Debug|Win32
		{AD5F3EB6-FD5C-490E-9A4E-E4B613F49A9B}.Debug|x86.Build.0 = Debug|Win32
		{AD5F3EB6-FD5C-490E-9A4E-E4B613F49A9B}.Release|x64.ActiveCfg = Release|x64
		{AD5F3EB6-FD5C-490E-9A4E-E4B613F49A9B}.Release|x64.Build.0 = Release|x64
		{AD5F3EB6-FD5C-490E-9A4E-E4B613F49A9B}.Release|x86.ActiveCfg = Release|Win32
		{AD5F3EB6-FD5C-490E-9A4E-E4B613F49A9B}.Release|x86.Build.0 = Release|Win32
	EndGlobalSection
	GlobalSection(SolutionProperties) = preSolution
		HideSolutionNode = FALSE
	EndGlobalSection
	GlobalSection(ExtensibilityGlobals) = postSolution
		SolutionGuid = {E7144CD5-639E-47AF-AFB9-62881F5A5054}
	EndGlobalSection
EndGlobal
